
Microsoft Visual Studio Solution File, Format Version 12.00
# Visual Studio Version 17
VisualStudioVersion = 17.9.34728.123
MinimumVisualStudioVersion = 10.0.40219.1
Project("{9A19103F-16F7-4668-BE54-9A1E7A4F7556}") = "SmallFactory", "SmallFactory\SmallFactory.csproj", "{A7AE2CF3-BE60-4931-AC83-EE90013BEFA9}"
EndProject
Project("{FAE04EC0-301F-11D3-BF4B-00C04F79EFBC}") = "SmallFactoryWPF", "SmallFactoryWPF\SmallFactoryWPF.csproj", "{9E324B14-B803-4ED3-A5E7-40DC081939FC}"
EndProject
Global
	GlobalSection(SolutionConfigurationPlatforms) = preSolution
		Debug|Any CPU = Debug|Any CPU
		Release|Any CPU = Release|Any CPU
	EndGlobalSection
	GlobalSection(ProjectConfigurationPlatforms) = postSolution
		{A7AE2CF3-BE60-4931-AC83-EE90013BEFA9}.Debug|Any CPU.ActiveCfg = Debug|Any CPU
		{A7AE2CF3-BE60-4931-AC83-EE90013BEFA9}.Debug|Any CPU.Build.0 = Debug|Any CPU
		{A7AE2CF3-BE60-4931-AC83-EE90013BEFA9}.Release|Any CPU.ActiveCfg = Release|Any CPU
		{A7AE2CF3-BE60-4931-AC83-EE90013BEFA9}.Release|Any CPU.Build.0 = Release|Any CPU
		{9E324B14-B803-4ED3-A5E7-40DC081939FC}.Debug|Any CPU.ActiveCfg = Debug|Any CPU
		{9E324B14-B803-4ED3-A5E7-40DC081939FC}.Debug|Any CPU.Build.0 = Debug|Any CPU
		{9E324B14-B803-4ED3-A5E7-40DC081939FC}.Release|Any CPU.ActiveCfg = Release|Any CPU
		{9E324B14-B803-4ED3-A5E7-40DC081939FC}.Release|Any CPU.Build.0 = Release|Any CPU
	EndGlobalSection
	GlobalSection(SolutionProperties) = preSolution
		HideSolutionNode = FALSE
	EndGlobalSection
	GlobalSection(ExtensibilityGlobals) = postSolution
		SolutionGuid = {A3ABCF6D-23D5-4A91-BB08-A6341DE8B503}
	EndGlobalSection
EndGlobal
